
Microsoft Visual Studio Solution File, Format Version 12.00
# Visual Studio Version 17
VisualStudioVersion = 17.9.34728.123
MinimumVisualStudioVersion = 10.0.40219.1
Project("{FAE04EC0-301F-11D3-BF4B-00C04F79EFBC}") = "060524 Taco Fast Food API", "060524 Taco Fast Food API\060524 Taco Fast Food API.csproj", "{35B257A2-04EB-412E-947E-A8477A8D8C68}"
EndProject
Global
	GlobalSection(SolutionConfigurationPlatforms) = preSolution
		Debug|Any CPU = Debug|Any CPU
		Release|Any CPU = Release|Any CPU
	EndGlobalSection
	GlobalSection(ProjectConfigurationPlatforms) = postSolution
		{35B257A2-04EB-412E-947E-A8477A8D8C68}.Debug|Any CPU.ActiveCfg = Debug|Any CPU
		{35B257A2-04EB-412E-947E-A8477A8D8C68}.Debug|Any CPU.Build.0 = Debug|Any CPU
		{35B257A2-04EB-412E-947E-A8477A8D8C68}.Release|Any CPU.ActiveCfg = Release|Any CPU
		{35B257A2-04EB-412E-947E-A8477A8D8C68}.Release|Any CPU.Build.0 = Release|Any CPU
	EndGlobalSection
	GlobalSection(SolutionProperties) = preSolution
		HideSolutionNode = FALSE
	EndGlobalSection
	GlobalSection(ExtensibilityGlobals) = postSolution
		SolutionGuid = {2602C473-8699-4744-861C-3D451361D8B6}
	EndGlobalSection
EndGlobal
